
Microsoft Visual Studio Solution File, Format Version 12.00
# Visual Studio Version 16
VisualStudioVersion = 16.0.29709.97
MinimumVisualStudioVersion = 10.0.40219.1
Project("{8BC9CEB8-8B4A-11D0-8D11-00A0C91BC942}") = "Chapter 7 Number 1", "Chapter 7 Number 1\Chapter 7 Number 1.vcxitems", "{0BA8D160-0961-4F56-8E4B-79D958ADFD92}"
EndProject
Global
	GlobalSection(SolutionProperties) = preSolution
		HideSolutionNode = FALSE
	EndGlobalSection
	GlobalSection(ExtensibilityGlobals) = postSolution
		SolutionGuid = {C9E38DF8-4F22-45AB-B9F8-A51D930F4326}
	EndGlobalSection
EndGlobal
